{
  "nodes": {
    "brew-src": {
      "flake": false,
      "locked": {
        "lastModified": 1785710351,
        "narHash": "sha256-DTL5T9+HlblsnXCEdxRpEo/2NBHD3t48BS7r+PTf090=",
        "owner": "Homebrew",
        "repo": "brew",
        "rev": "7b0f22a4ab77567edef114c8dfc423fb96e2fbaa",
        "type": "github"
      },
      "original": {
        "owner": "Homebrew",
        "ref": "6.0.15",
        "repo": "brew",
        "type": "github"
      }
    },
    "flake-compat": {
      "flake": false,
      "locked": {
        "lastModified": 1767039857,
        "narHash": "sha256-vNpUSpF5Nuw8xvDLj2KCwwksIbjua2LZCqhV1LNRDns=",
        "owner": "edolstra",
        "repo": "flake-compat",
        "rev": "5edf11c44bc78a0d334f6334cdaf7d60d732daab",
        "type": "github"
      },
      "original": {
        "owner": "edolstra",
        "repo": "flake-compat",
        "type": "github"
      }
    },
    "flake-utils": {
      "inputs": {
        "systems": "systems"
      },
      "locked": {
        "lastModified": 1731533236,
        "narHash": "sha256-l0KFg5HjrsfsO/JpG+r7fRrqm12kzFHyUHqHCVpMMbI=",
        "owner": "numtide",
        "repo": "flake-utils",
        "rev": "11707dc2f618dd54ca8739b309ec4fc024de578b",
        "type": "github"
      },
      "original": {
        "owner": "numtide",
        "repo": "flake-utils",
        "type": "github"
      }
    },
    "herdr": {
      "inputs": {
        "nixpkgs": [
          "nixpkgs"
        ],
        "rust-overlay": "rust-overlay"
      },
      "locked": {
        "lastModified": 1785783176,
        "narHash": "sha256-empFQ+hrnCh2JhOzQRWSCLV0YoZC3DXW3bY6k8YuJjk=",
        "owner": "herdrdev",
        "repo": "herdr",
        "rev": "346411fa21afd297f5ed3b3fa56f9e3fbf7654b7",
        "type": "github"
      },
      "original": {
        "owner": "herdrdev",
        "ref": "v0.8.0",
        "repo": "herdr",
        "type": "github"
      }
    },
    "home-manager": {
      "inputs": {
        "nixpkgs": [
          "nixpkgs"
        ]
      },
      "locked": {
        "lastModified": 1786501082,
        "narHash": "sha256-ROC70hdloiAY74yodpAgT0sP1dmYk+vchjYsrfmhfiM=",
        "owner": "nix-community",
        "repo": "home-manager",
        "rev": "99e84ee7387ff24cd112ff51f71c3465eb9cb770",
        "type": "github"
      },
      "original": {
        "owner": "nix-community",
        "repo": "home-manager",
        "type": "github"
      }
    },
    "homebrew-cask": {
      "flake": false,
      "locked": {
        "lastModified": 1786500334,
        "narHash": "sha256-iaIEZU8gnPLdGsWeRNJVpYXtUsQW5b6ZfVVvVM6u20I=",
        "owner": "homebrew",
        "repo": "homebrew-cask",
        "rev": "2449fdad0bb55cc2b1d9e63d34be26d4d681f00c",
        "type": "github"
      },
      "original": {
        "owner": "homebrew",
        "repo": "homebrew-cask",
        "type": "github"
      }
    },
    "homebrew-cmux": {
      "flake": false,
      "locked": {
        "lastModified": 1785744424,
        "narHash": "sha256-Q3R/3rFAT84Lthm1jUI4BK/klno0IzrWun79c/RFO1I=",
        "ref": "refs/heads/main",
        "rev": "2923c738081350f309068ff3120f7aeb00722126",
        "revCount": 53,
        "type": "git",
        "url": "https://github.com/manaflow-ai/homebrew-cmux.git"
      },
      "original": {
        "type": "git",
        "url": "https://github.com/manaflow-ai/homebrew-cmux.git"
      }
    },
    "homebrew-tinycast": {
      "flake": false,
      "locked": {
        "lastModified": 1786474597,
        "narHash": "sha256-/SKN+PTlleiwrNj7liPA/Odn6f1V5aX/rk9gnmo7fRU=",
        "owner": "abue-ammar",
        "repo": "homebrew-tinycast",
        "rev": "24576fdee18ecf95ca9316ee49dbd1e20333dd0c",
        "type": "github"
      },
      "original": {
        "owner": "abue-ammar",
        "repo": "homebrew-tinycast",
        "type": "github"
      }
    },
    "nix-darwin": {
      "inputs": {
        "nixpkgs": [
          "nixpkgs"
        ]
      },
      "locked": {
        "lastModified": 1785389976,
        "narHash": "sha256-0tLW8Ff5yt8AH97jw4ZpFJ0OCJ122zIlgWGDmOfU/VU=",
        "owner": "lnl7",
        "repo": "nix-darwin",
        "rev": "15abb8c98f336cd8bd840d71059adebabe60bf04",
        "type": "github"
      },
      "original": {
        "owner": "lnl7",
        "ref": "master",
        "repo": "nix-darwin",
        "type": "github"
      }
    },
    "nix-homebrew": {
      "inputs": {
        "brew-src": "brew-src"
      },
      "locked": {
        "lastModified": 1786217209,
        "narHash": "sha256-rusAj5QBnbSwXG6csns6dwxTeCOGRcj08VmlnhUQ6ZY=",
        "owner": "zhaofengli-wip",
        "repo": "nix-homebrew",
        "rev": "486357ea434dc0061ea52121ff99b1d33096c811",
        "type": "github"
      },
      "original": {
        "owner": "zhaofengli-wip",
        "repo": "nix-homebrew",
        "type": "github"
      }
    },
    "nixos-wsl": {
      "inputs": {
        "flake-compat": "flake-compat",
        "nixpkgs": [
          "nixpkgs"
        ]
      },
      "locked": {
        "lastModified": 1784642409,
        "narHash": "sha256-hcbDqFuySAJawljt5r0sKBCJKYnbtGD0T/ZIozH1Dq0=",
        "owner": "nix-community",
        "repo": "NixOS-WSL",
        "rev": "eaeb18da90024448a60eb1ec7132eafa4003404e",
        "type": "github"
      },
      "original": {
        "owner": "nix-community",
        "repo": "NixOS-WSL",
        "type": "github"
      }
    },
    "nixpkgs": {
      "locked": {
        "lastModified": 1786512008,
        "narHash": "sha256-qg1TLRMLLIcIWUQ7lqr+7W4zg6I0Mt0T2lb0DhsKhq8=",
        "owner": "NixOS",
        "repo": "nixpkgs",
        "rev": "9d2d9436fedf664e4b92425cd367c3ce48c2b4ef",
        "type": "github"
      },
      "original": {
        "owner": "NixOS",
        "repo": "nixpkgs",
        "type": "github"
      }
    },
    "root": {
      "inputs": {
        "flake-utils": "flake-utils",
        "herdr": "herdr",
        "home-manager": "home-manager",
        "homebrew-cask": "homebrew-cask",
        "homebrew-cmux": "homebrew-cmux",
        "homebrew-tinycast": "homebrew-tinycast",
        "nix-darwin": "nix-darwin",
        "nix-homebrew": "nix-homebrew",
        "nixos-wsl": "nixos-wsl",
        "nixpkgs": "nixpkgs",
        "rust-overlay": "rust-overlay_2"
      }
    },
    "rust-overlay": {
      "inputs": {
        "nixpkgs": [
          "herdr",
          "nixpkgs"
        ]
      },
      "locked": {
        "lastModified": 1783577481,
        "narHash": "sha256-EWMxOWrJ031f8f/lrcEmhTRs4npw1/5N3Hcjin846c8=",
        "owner": "oxalica",
        "repo": "rust-overlay",
        "rev": "4cdea398dc491b082dccdce0fad1ed0b75fa3394",
        "type": "github"
      },
      "original": {
        "owner": "oxalica",
        "repo": "rust-overlay",
        "type": "github"
      }
    },
    "rust-overlay_2": {
      "inputs": {
        "nixpkgs": [
          "nixpkgs"
        ]
      },
      "locked": {
        "lastModified": 1786507911,
        "narHash": "sha256-w5aZRLbiu7H6TqsYXVMdRKg0S4DRaJpxyqxx86AwxVk=",
        "owner": "oxalica",
        "repo": "rust-overlay",
        "rev": "39db48099ad16834af7e27485a4babf9c28b3897",
        "type": "github"
      },
      "original": {
        "owner": "oxalica",
        "repo": "rust-overlay",
        "type": "github"
      }
    },
    "systems": {
      "locked": {
        "lastModified": 1681028828,
        "narHash": "sha256-Vy1rq5AaRuLzOxct8nz4T6wlgyUR7zLU309k9mBC768=",
        "owner": "nix-systems",
        "repo": "default",
        "rev": "da67096a3b9bf56a91d16901293e51ba5b49a27e",
        "type": "github"
      },
      "original": {
        "owner": "nix-systems",
        "repo": "default",
        "type": "github"
      }
    }
  },
  "root": "root",
  "version": 7
}
